
Microsoft Visual Studio Solution File, Format Version 12.00
# Visual Studio Version 16
VisualStudioVersion = 16.0.30114.105
MinimumVisualStudioVersion = 10.0.40219.1
Project("{2150E333-8FDC-42A3-9474-1A3956D46DE8}") = "english-solution", "english-solution", "{44C1C61C-ACB5-4D12-99FA-F633597458AE}"
EndProject
Project("{FAE04EC0-301F-11D3-BF4B-00C04F79EFBC}") = "LTEnglishFunctions", "english-solution\LTEnglishFunctions\LTEnglishFunctions.csproj", "{D50722BA-0394-48AB-A6DF-1634022D92A8}"
EndProject
Project("{2150E333-8FDC-42A3-9474-1A3956D46DE8}") = "english-test", "english-test", "{495A66FB-1589-4718-B7A7-F0C4401CB446}"
EndProject
Project("{FAE04EC0-301F-11D3-BF4B-00C04F79EFBC}") = "LTEnglishFunctionsTest", "english-test\LTEnglishFunctionsTest\LTEnglishFunctionsTest.csproj", "{0B3106C5-F78C-4A6C-BE66-7EF0933AA501}"
EndProject
Global
	GlobalSection(SolutionConfigurationPlatforms) = preSolution
		Debug|Any CPU = Debug|Any CPU
		Release|Any CPU = Release|Any CPU
	EndGlobalSection
	GlobalSection(SolutionProperties) = preSolution
		HideSolutionNode = FALSE
	EndGlobalSection
	GlobalSection(ProjectConfigurationPlatforms) = postSolution
		{D50722BA-0394-48AB-A6DF-1634022D92A8}.Debug|Any CPU.ActiveCfg = Debug|Any CPU
		{D50722BA-0394-48AB-A6DF-1634022D92A8}.Debug|Any CPU.Build.0 = Debug|Any CPU
		{D50722BA-0394-48AB-A6DF-1634022D92A8}.Release|Any CPU.ActiveCfg = Release|Any CPU
		{D50722BA-0394-48AB-A6DF-1634022D92A8}.Release|Any CPU.Build.0 = Release|Any CPU
		{0B3106C5-F78C-4A6C-BE66-7EF0933AA501}.Debug|Any CPU.ActiveCfg = Debug|Any CPU
		{0B3106C5-F78C-4A6C-BE66-7EF0933AA501}.Debug|Any CPU.Build.0 = Debug|Any CPU
		{0B3106C5-F78C-4A6C-BE66-7EF0933AA501}.Release|Any CPU.ActiveCfg = Release|Any CPU
		{0B3106C5-F78C-4A6C-BE66-7EF0933AA501}.Release|Any CPU.Build.0 = Release|Any CPU
	EndGlobalSection
	GlobalSection(NestedProjects) = preSolution
		{D50722BA-0394-48AB-A6DF-1634022D92A8} = {44C1C61C-ACB5-4D12-99FA-F633597458AE}
		{0B3106C5-F78C-4A6C-BE66-7EF0933AA501} = {495A66FB-1589-4718-B7A7-F0C4401CB446}
	EndGlobalSection
EndGlobal
